// !$*UTF8*$!
{
	archiveVersion = 1;
	classes = {
	};
	objectVersion = 56;
	objects = {

/* Begin PBXBuildFile section */
		0428094A2C67C7C800C1C592 /* Elevator_App_SwiftUIApp.swift in Sources */ = {isa = PBXBuildFile; fileRef = 042809492C67C7C800C1C592 /* Elevator_App_SwiftUIApp.swift */; };
		0428094C2C67C7C800C1C592 /* ContentView.swift in Sources */ = {isa = PBXBuildFile; fileRef = 0428094B2C67C7C800C1C592 /* ContentView.swift */; };
		0428094E2C67C7CB00C1C592 /* Assets.xcassets in Resources */ = {isa = PBXBuildFile; fileRef = 0428094D2C67C7CB00C1C592 /* Assets.xcassets */; };
		042809512C67C7CB00C1C592 /* Preview Assets.xcassets in Resources */ = {isa = PBXBuildFile; fileRef = 042809502C67C7CB00C1C592 /* Preview Assets.xcassets */; };
		0428095B2C67C7CC00C1C592 /* Elevator_App_SwiftUITests.swift in Sources */ = {isa = PBXBuildFile; fileRef = 0428095A2C67C7CC00C1C592 /* Elevator_App_SwiftUITests.swift */; };
		042809652C67C7CC00C1C592 /* Elevator_App_SwiftUIUITests.swift in Sources */ = {isa = PBXBuildFile; fileRef = 042809642C67C7CC00C1C592 /* Elevator_App_SwiftUIUITests.swift */; };
		042809672C67C7CC00C1C592 /* Elevator_App_SwiftUIUITestsLaunchTests.swift in Sources */ = {isa = PBXBuildFile; fileRef = 042809662C67C7CC00C1C592 /* Elevator_App_SwiftUIUITestsLaunchTests.swift */; };
/* End PBXBuildFile section */

/* Begin PBXContainerItemProxy section */
		042809572C67C7CC00C1C592 /* PBXContainerItemProxy */ = {
			isa = PBXContainerItemProxy;
			containerPortal = 0428093E2C67C7C800C1C592 /* Project object */;
			proxyType = 1;
			remoteGlobalIDString = 042809452C67C7C800C1C592;
			remoteInfo = "Elevator-App-SwiftUI";
		};
		042809612C67C7CC00C1C592 /* PBXContainerItemProxy */ = {
			isa = PBXContainerItemProxy;
			containerPortal = 0428093E2C67C7C800C1C592 /* Project object */;
			proxyType = 1;
			remoteGlobalIDString = 042809452C67C7C800C1C592;
			remoteInfo = "Elevator-App-SwiftUI";
		};
/* End PBXContainerItemProxy section */

/* Begin PBXFileReference section */
		042809462C67C7C800C1C592 /* Elevator-App-SwiftUI.app */ = {isa = PBXFileReference; explicitFileType = wrapper.application; includeInIndex = 0; path = "Elevator-App-SwiftUI.app"; sourceTree = BUILT_PRODUCTS_DIR; };
		042809492C67C7C800C1C592 /* Elevator_App_SwiftUIApp.swift */ = {isa = PBXFileReference; lastKnownFileType = sourcecode.swift; path = Elevator_App_SwiftUIApp.swift; sourceTree = "<group>"; };
		0428094B2C67C7C800C1C592 /* ContentView.swift */ = {isa = PBXFileReference; lastKnownFileType = sourcecode.swift; path = ContentView.swift; sourceTree = "<group>"; };
		0428094D2C67C7CB00C1C592 /* Assets.xcassets */ = {isa = PBXFileReference; lastKnownFileType = folder.assetcatalog; path = Assets.xcassets; sourceTree = "<group>"; };
		042809502C67C7CB00C1C592 /* Preview Assets.xcassets */ = {isa = PBXFileReference; lastKnownFileType = folder.assetcatalog; path = "Preview Assets.xcassets"; sourceTree = "<group>"; };
		042809562C67C7CC00C1C592 /* Elevator-App-SwiftUITests.xctest */ = {isa = PBXFileReference; explicitFileType = wrapper.cfbundle; includeInIndex = 0; path = "Elevator-App-SwiftUITests.xctest"; sourceTree = BUILT_PRODUCTS_DIR; };
		0428095A2C67C7CC00C1C592 /* Elevator_App_SwiftUITests.swift */ = {isa = PBXFileReference; lastKnownFileType = sourcecode.swift; path = Elevator_App_SwiftUITests.swift; sourceTree = "<group>"; };
		042809602C67C7CC00C1C592 /* Elevator-App-SwiftUIUITests.xctest */ = {isa = PBXFileReference; explicitFileType = wrapper.cfbundle; includeInIndex = 0; path = "Elevator-App-SwiftUIUITests.xctest"; sourceTree = BUILT_PRODUCTS_DIR; };
		042809642C67C7CC00C1C592 /* Elevator_App_SwiftUIUITests.swift */ = {isa = PBXFileReference; lastKnownFileType = sourcecode.swift; path = Elevator_App_SwiftUIUITests.swift; sourceTree = "<group>"; };
		042809662C67C7CC00C1C592 /* Elevator_App_SwiftUIUITestsLaunchTests.swift */ = {isa = PBXFileReference; lastKnownFileType = sourcecode.swift; path = Elevator_App_SwiftUIUITestsLaunchTests.swift; sourceTree = "<group>"; };
/* End PBXFileReference section */

/* Begin PBXFrameworksBuildPhase section */
		042809432C67C7C800C1C592 /* Frameworks */ = {
			isa = PBXFrameworksBuildPhase;
			buildActionMask = 2147483647;
			files = (
			);
			runOnlyForDeploymentPostprocessing = 0;
		};
		042809532C67C7CC00C1C592 /* Frameworks */ = {
			isa = PBXFrameworksBuildPhase;
			buildActionMask = 2147483647;
			files = (
			);
			runOnlyForDeploymentPostprocessing = 0;
		};
		0428095D2C67C7CC00C1C592 /* Frameworks */ = {
			isa = PBXFrameworksBuildPhase;
			buildActionMask = 2147483647;
			files = (
			);
			runOnlyForDeploymentPostprocessing = 0;
		};
/* End PBXFrameworksBuildPhase section */

/* Begin PBXGroup section */
		0428093D2C67C7C800C1C592 = {
			isa = PBXGroup;
			children = (
				042809482C67C7C800C1C592 /* Elevator-App-SwiftUI */,
				042809592C67C7CC00C1C592 /* Elevator-App-SwiftUITests */,
				042809632C67C7CC00C1C592 /* Elevator-App-SwiftUIUITests */,
				042809472C67C7C800C1C592 /* Products */,
			);
			sourceTree = "<group>";
		};
		042809472C67C7C800C1C592 /* Products */ = {
			isa = PBXGroup;
			children = (
				042809462C67C7C800C1C592 /* Elevator-App-SwiftUI.app */,
				042809562C67C7CC00C1C592 /* Elevator-App-SwiftUITests.xctest */,
				042809602C67C7CC00C1C592 /* Elevator-App-SwiftUIUITests.xctest */,
			);
			name = Products;
			sourceTree = "<group>";
		};
		042809482C67C7C800C1C592 /* Elevator-App-SwiftUI */ = {
			isa = PBXGroup;
			children = (
				042809492C67C7C800C1C592 /* Elevator_App_SwiftUIApp.swift */,
				0428094B2C67C7C800C1C592 /* ContentView.swift */,
				0428094D2C67C7CB00C1C592 /* Assets.xcassets */,
				0428094F2C67C7CB00C1C592 /* Preview Content */,
			);
			path = "Elevator-App-SwiftUI";
			sourceTree = "<group>";
		};
		0428094F2C67C7CB00C1C592 /* Preview Content */ = {
			isa = PBXGroup;
			children = (
				042809502C67C7CB00C1C592 /* Preview Assets.xcassets */,
			);
			path = "Preview Content";
			sourceTree = "<group>";
		};
		042809592C67C7CC00C1C592 /* Elevator-App-SwiftUITests */ = {
			isa = PBXGroup;
			children = (
				0428095A2C67C7CC00C1C592 /* Elevator_App_SwiftUITests.swift */,
			);
			path = "Elevator-App-SwiftUITests";
			sourceTree = "<group>";
		};
		042809632C67C7CC00C1C592 /* Elevator-App-SwiftUIUITests */ = {
			isa = PBXGroup;
			children = (
				042809642C67C7CC00C1C592 /* Elevator_App_SwiftUIUITests.swift */,
				042809662C67C7CC00C1C592 /* Elevator_App_SwiftUIUITestsLaunchTests.swift */,
			);
			path = "Elevator-App-SwiftUIUITests";
			sourceTree = "<group>";
		};
/* End PBXGroup section */

/* Begin PBXNativeTarget section */
		042809452C67C7C800C1C592 /* Elevator-App-SwiftUI */ = {
			isa = PBXNativeTarget;
			buildConfigurationList = 0428096A2C67C7CC00C1C592 /* Build configuration list for PBXNativeTarget "Elevator-App-SwiftUI" */;
			buildPhases = (
				042809422C67C7C800C1C592 /* Sources */,
				042809432C67C7C800C1C592 /* Frameworks */,
				042809442C67C7C800C1C592 /* Resources */,
			);
			buildRules = (
			);
			dependencies = (
			);
			name = "Elevator-App-SwiftUI";
			productName = "Elevator-App-SwiftUI";
			productReference = 042809462C67C7C800C1C592 /* Elevator-App-SwiftUI.app */;
			productType = "com.apple.product-type.application";
		};
		042809552C67C7CC00C1C592 /* Elevator-App-SwiftUITests */ = {
			isa = PBXNativeTarget;
			buildConfigurationList = 0428096D2C67C7CC00C1C592 /* Build configuration list for PBXNativeTarget "Elevator-App-SwiftUITests" */;
			buildPhases = (
				042809522C67C7CC00C1C592 /* Sources */,
				042809532C67C7CC00C1C592 /* Frameworks */,
				042809542C67C7CC00C1C592 /* Resources */,
			);
			buildRules = (
			);
			dependencies = (
				042809582C67C7CC00C1C592 /* PBXTargetDependency */,
			);
			name = "Elevator-App-SwiftUITests";
			productName = "Elevator-App-SwiftUITests";
			productReference = 042809562C67C7CC00C1C592 /* Elevator-App-SwiftUITests.xctest */;
			productType = "com.apple.product-type.bundle.unit-test";
		};
		0428095F2C67C7CC00C1C592 /* Elevator-App-SwiftUIUITests */ = {
			isa = PBXNativeTarget;
			buildConfigurationList = 042809702C67C7CC00C1C592 /* Build configuration list for PBXNativeTarget "Elevator-App-SwiftUIUITests" */;
			buildPhases = (
				0428095C2C67C7CC00C1C592 /* Sources */,
				0428095D2C67C7CC00C1C592 /* Frameworks */,
				0428095E2C67C7CC00C1C592 /* Resources */,
			);
			buildRules = (
			);
			dependencies = (
				042809622C67C7CC00C1C592 /* PBXTargetDependency */,
			);
			name = "Elevator-App-SwiftUIUITests";
			productName = "Elevator-App-SwiftUIUITests";
			productReference = 042809602C67C7CC00C1C592 /* Elevator-App-SwiftUIUITests.xctest */;
			productType = "com.apple.product-type.bundle.ui-testing";
		};
/* End PBXNativeTarget section */

/* Begin PBXProject section */
		0428093E2C67C7C800C1C592 /* Project object */ = {
			isa = PBXProject;
			attributes = {
				BuildIndependentTargetsInParallel = 1;
				LastSwiftUpdateCheck = 1540;
				LastUpgradeCheck = 1540;
				TargetAttributes = {
					042809452C67C7C800C1C592 = {
						CreatedOnToolsVersion = 15.4;
					};
					042809552C67C7CC00C1C592 = {
						CreatedOnToolsVersion = 15.4;
						TestTargetID = 042809452C67C7C800C1C592;
					};
					0428095F2C67C7CC00C1C592 = {
						CreatedOnToolsVersion = 15.4;
						TestTargetID = 042809452C67C7C800C1C592;
					};
				};
			};
			buildConfigurationList = 042809412C67C7C800C1C592 /* Build configuration list for PBXProject "Elevator-App-SwiftUI" */;
			compatibilityVersion = "Xcode 14.0";
			developmentRegion = en;
			hasScannedForEncodings = 0;
			knownRegions = (
				en,
				Base,
			);
			mainGroup = 0428093D2C67C7C800C1C592;
			productRefGroup = 042809472C67C7C800C1C592 /* Products */;
			projectDirPath = "";
			projectRoot = "";
			targets = (
				042809452C67C7C800C1C592 /* Elevator-App-SwiftUI */,
				042809552C67C7CC00C1C592 /* Elevator-App-SwiftUITests */,
				0428095F2C67C7CC00C1C592 /* Elevator-App-SwiftUIUITests */,
			);
		};
/* End PBXProject section */

/* Begin PBXResourcesBuildPhase section */
		042809442C67C7C800C1C592 /* Resources */ = {
			isa = PBXResourcesBuildPhase;
			buildActionMask = 2147483647;
			files = (
				042809512C67C7CB00C1C592 /* Preview Assets.xcassets in Resources */,
				0428094E2C67C7CB00C1C592 /* Assets.xcassets in Resources */,
			);
			runOnlyForDeploymentPostprocessing = 0;
		};
		042809542C67C7CC00C1C592 /* Resources */ = {
			isa = PBXResourcesBuildPhase;
			buildActionMask = 2147483647;
			files = (
			);
			runOnlyForDeploymentPostprocessing = 0;
		};
		0428095E2C67C7CC00C1C592 /* Resources */ = {
			isa = PBXResourcesBuildPhase;
			buildActionMask = 2147483647;
			files = (
			);
			runOnlyForDeploymentPostprocessing = 0;
		};
/* End PBXResourcesBuildPhase section */

/* Begin PBXSourcesBuildPhase section */
		042809422C67C7C800C1C592 /* Sources */ = {
			isa = PBXSourcesBuildPhase;
			buildActionMask = 2147483647;
			files = (
				0428094C2C67C7C800C1C592 /* ContentView.swift in Sources */,
				0428094A2C67C7C800C1C592 /* Elevator_App_SwiftUIApp.swift in Sources */,
			);
			runOnlyForDeploymentPostprocessing = 0;
		};
		042809522C67C7CC00C1C592 /* Sources */ = {
			isa = PBXSourcesBuildPhase;
			buildActionMask = 2147483647;
			files = (
				0428095B2C67C7CC00C1C592 /* Elevator_App_SwiftUITests.swift in Sources */,
			);
			runOnlyForDeploymentPostprocessing = 0;
		};
		0428095C2C67C7CC00C1C592 /* Sources */ = {
			isa = PBXSourcesBuildPhase;
			buildActionMask = 2147483647;
			files = (
				042809672C67C7CC00C1C592 /* Elevator_App_SwiftUIUITestsLaunchTests.swift in Sources */,
				042809652C67C7CC00C1C592 /* Elevator_App_SwiftUIUITests.swift in Sources */,
			);
			runOnlyForDeploymentPostprocessing = 0;
		};
/* End PBXSourcesBuildPhase section */

/* Begin PBXTargetDependency section */
		042809582C67C7CC00C1C592 /* PBXTargetDependency */ = {
			isa = PBXTargetDependency;
			target = 042809452C67C7C800C1C592 /* Elevator-App-SwiftUI */;
			targetProxy = 042809572C67C7CC00C1C592 /* PBXContainerItemProxy */;
		};
		042809622C67C7CC00C1C592 /* PBXTargetDependency */ = {
			isa = PBXTargetDependency;
			target = 042809452C67C7C800C1C592 /* Elevator-App-SwiftUI */;
			targetProxy = 042809612C67C7CC00C1C592 /* PBXContainerItemProxy */;
		};
/* End PBXTargetDependency section */

/* Begin XCBuildConfiguration section */
		042809682C67C7CC00C1C592 /* Debug */ = {
			isa = XCBuildConfiguration;
			buildSettings = {
				ALWAYS_SEARCH_USER_PATHS = NO;
				ASSETCATALOG_COMPILER_GENERATE_SWIFT_ASSET_SYMBOL_EXTENSIONS = YES;
				CLANG_ANALYZER_NONNULL = YES;
				CLANG_ANALYZER_NUMBER_OBJECT_CONVERSION = YES_AGGRESSIVE;
				CLANG_CXX_LANGUAGE_STANDARD = "gnu++20";
				CLANG_ENABLE_MODULES = YES;
				CLANG_ENABLE_OBJC_ARC = YES;
				CLANG_ENABLE_OBJC_WEAK = YES;
				CLANG_WARN_BLOCK_CAPTURE_AUTORELEASING = YES;
				CLANG_WARN_BOOL_CONVERSION = YES;
				CLANG_WARN_COMMA = YES;
				CLANG_WARN_CONSTANT_CONVERSION = YES;
				CLANG_WARN_DEPRECATED_OBJC_IMPLEMENTATIONS = YES;
				CLANG_WARN_DIRECT_OBJC_ISA_USAGE = YES_ERROR;
				CLANG_WARN_DOCUMENTATION_COMMENTS = YES;
				CLANG_WARN_EMPTY_BODY = YES;
				CLANG_WARN_ENUM_CONVERSION = YES;
				CLANG_WARN_INFINITE_RECURSION = YES;
				CLANG_WARN_INT_CONVERSION = YES;
				CLANG_WARN_NON_LITERAL_NULL_CONVERSION = YES;
				CLANG_WARN_OBJC_IMPLICIT_RETAIN_SELF = YES;
				CLANG_WARN_OBJC_LITERAL_CONVERSION = YES;
				CLANG_WARN_OBJC_ROOT_CLASS = YES_ERROR;
				CLANG_WARN_QUOTED_INCLUDE_IN_FRAMEWORK_HEADER = YES;
				CLANG_WARN_RANGE_LOOP_ANALYSIS = YES;
				CLANG_WARN_STRICT_PROTOTYPES = YES;
				CLANG_WARN_SUSPICIOUS_MOVE = YES;
				CLANG_WARN_UNGUARDED_AVAILABILITY = YES_AGGRESSIVE;
				CLANG_WARN_UNREACHABLE_CODE = YES;
				CLANG_WARN__DUPLICATE_METHOD_MATCH = YES;
				COPY_PHASE_STRIP = NO;
				DEBUG_INFORMATION_FORMAT = dwarf;
				ENABLE_STRICT_OBJC_MSGSEND = YES;
				ENABLE_TESTABILITY = YES;
				ENABLE_USER_SCRIPT_SANDBOXING = YES;
				GCC_C_LANGUAGE_STANDARD = gnu17;
				GCC_DYNAMIC_NO_PIC = NO;
				GCC_NO_COMMON_BLOCKS = YES;
				GCC_OPTIMIZATION_LEVEL = 0;
				GCC_PREPROCESSOR_DEFINITIONS = (
					"DEBUG=1",
					"$(inherited)",
				);
				GCC_WARN_64_TO_32_BIT_CONVERSION = YES;
				GCC_WARN_ABOUT_RETURN_TYPE = YES_ERROR;
				GCC_WARN_UNDECLARED_SELECTOR = YES;
				GCC_WARN_UNINITIALIZED_AUTOS = YES_AGGRESSIVE;
				GCC_WARN_UNUSED_FUNCTION = YES;
				GCC_WARN_UNUSED_VARIABLE = YES;
				IPHONEOS_DEPLOYMENT_TARGET = 17.5;
				LOCALIZATION_PREFERS_STRING_CATALOGS = YES;
				MTL_ENABLE_DEBUG_INFO = INCLUDE_SOURCE;
				MTL_FAST_MATH = YES;
				ONLY_ACTIVE_ARCH = YES;
				SDKROOT = iphoneos;
				SWIFT_ACTIVE_COMPILATION_CONDITIONS = "DEBUG $(inherited)";
				SWIFT_OPTIMIZATION_LEVEL = "-Onone";
			};
			name = Debug;
		};
		042809692C67C7CC00C1C592 /* Release */ = {
			isa = XCBuildConfiguration;
			buildSettings = {
				ALWAYS_SEARCH_USER_PATHS = NO;
				ASSETCATALOG_COMPILER_GENERATE_SWIFT_ASSET_SYMBOL_EXTENSIONS = YES;
				CLANG_ANALYZER_NONNULL = YES;
				CLANG_ANALYZER_NUMBER_OBJECT_CONVERSION = YES_AGGRESSIVE;
				CLANG_CXX_LANGUAGE_STANDARD = "gnu++20";
				CLANG_ENABLE_MODULES = YES;
				CLANG_ENABLE_OBJC_ARC = YES;
				CLANG_ENABLE_OBJC_WEAK = YES;
				CLANG_WARN_BLOCK_CAPTURE_AUTORELEASING = YES;
				CLANG_WARN_BOOL_CONVERSION = YES;
				CLANG_WARN_COMMA = YES;
				CLANG_WARN_CONSTANT_CONVERSION = YES;
				CLANG_WARN_DEPRECATED_OBJC_IMPLEMENTATIONS = YES;
				CLANG_WARN_DIRECT_OBJC_ISA_USAGE = YES_ERROR;
				CLANG_WARN_DOCUMENTATION_COMMENTS = YES;
				CLANG_WARN_EMPTY_BODY = YES;
				CLANG_WARN_ENUM_CONVERSION = YES;
				CLANG_WARN_INFINITE_RECURSION = YES;
				CLANG_WARN_INT_CONVERSION = YES;
				CLANG_WARN_NON_LITERAL_NULL_CONVERSION = YES;
				CLANG_WARN_OBJC_IMPLICIT_RETAIN_SELF = YES;
				CLANG_WARN_OBJC_LITERAL_CONVERSION = YES;
				CLANG_WARN_OBJC_ROOT_CLASS = YES_ERROR;
				CLANG_WARN_QUOTED_INCLUDE_IN_FRAMEWORK_HEADER = YES;
				CLANG_WARN_RANGE_LOOP_ANALYSIS = YES;
				CLANG_WARN_STRICT_PROTOTYPES = YES;
				CLANG_WARN_SUSPICIOUS_MOVE = YES;
				CLANG_WARN_UNGUARDED_AVAILABILITY = YES_AGGRESSIVE;
				CLANG_WARN_UNREACHABLE_CODE = YES;
				CLANG_WARN__DUPLICATE_METHOD_MATCH = YES;
				COPY_PHASE_STRIP = NO;
				DEBUG_INFORMATION_FORMAT = "dwarf-with-dsym";
				ENABLE_NS_ASSERTIONS = NO;
				ENABLE_STRICT_OBJC_MSGSEND = YES;
				ENABLE_USER_SCRIPT_SANDBOXING = YES;
				GCC_C_LANGUAGE_STANDARD = gnu17;
				GCC_NO_COMMON_BLOCKS = YES;
				GCC_WARN_64_TO_32_BIT_CONVERSION = YES;
				GCC_WARN_ABOUT_RETURN_TYPE = YES_ERROR;
				GCC_WARN_UNDECLARED_SELECTOR = YES;
				GCC_WARN_UNINITIALIZED_AUTOS = YES_AGGRESSIVE;
				GCC_WARN_UNUSED_FUNCTION = YES;
				GCC_WARN_UNUSED_VARIABLE = YES;
				IPHONEOS_DEPLOYMENT_TARGET = 17.5;
				LOCALIZATION_PREFERS_STRING_CATALOGS = YES;
				MTL_ENABLE_DEBUG_INFO = NO;
				MTL_FAST_MATH = YES;
				SDKROOT = iphoneos;
				SWIFT_COMPILATION_MODE = wholemodule;
				VALIDATE_PRODUCT = YES;
			};
			name = Release;
		};
		0428096B2C67C7CC00C1C592 /* Debug */ = {
			isa = XCBuildConfiguration;
			buildSettings = {
				ASSETCATALOG_COMPILER_APPICON_NAME = AppIcon;
				ASSETCATALOG_COMPILER_GLOBAL_ACCENT_COLOR_NAME = AccentColor;
				CODE_SIGN_STYLE = Automatic;
				CURRENT_PROJECT_VERSION = 1;
				DEVELOPMENT_ASSET_PATHS = "\"Elevator-App-SwiftUI/Preview Content\"";
				ENABLE_PREVIEWS = YES;
				GENERATE_INFOPLIST_FILE = YES;
				INFOPLIST_KEY_UIApplicationSceneManifest_Generation = YES;
				INFOPLIST_KEY_UIApplicationSupportsIndirectInputEvents = YES;
				INFOPLIST_KEY_UILaunchScreen_Generation = YES;
				INFOPLIST_KEY_UISupportedInterfaceOrientations_iPad = "UIInterfaceOrientationPortrait UIInterfaceOrientationPortraitUpsideDown UIInterfaceOrientationLandscapeLeft UIInterfaceOrientationLandscapeRight";
				INFOPLIST_KEY_UISupportedInterfaceOrientations_iPhone = "UIInterfaceOrientationPortrait UIInterfaceOrientationLandscapeLeft UIInterfaceOrientationLandscapeRight";
				LD_RUNPATH_SEARCH_PATHS = (
					"$(inherited)",
					"@executable_path/Frameworks",
				);
				MARKETING_VERSION = 1.0;
				PRODUCT_BUNDLE_IDENTIFIER = "org.smilesoftware.Elevator-App-SwiftUI";
				PRODUCT_NAME = "$(TARGET_NAME)";
				SWIFT_EMIT_LOC_STRINGS = YES;
				SWIFT_VERSION = 5.0;
				TARGETED_DEVICE_FAMILY = "1,2";
			};
			name = Debug;
		};
		0428096C2C67C7CC00C1C592 /* Release */ = {
			isa = XCBuildConfiguration;
			buildSettings = {
				ASSETCATALOG_COMPILER_APPICON_NAME = AppIcon;
				ASSETCATALOG_COMPILER_GLOBAL_ACCENT_COLOR_NAME = AccentColor;
				CODE_SIGN_STYLE = Automatic;
				CURRENT_PROJECT_VERSION = 1;
				DEVELOPMENT_ASSET_PATHS = "\"Elevator-App-SwiftUI/Preview Content\"";
				ENABLE_PREVIEWS = YES;
				GENERATE_INFOPLIST_FILE = YES;
				INFOPLIST_KEY_UIApplicationSceneManifest_Generation = YES;
				INFOPLIST_KEY_UIApplicationSupportsIndirectInputEvents = YES;
				INFOPLIST_KEY_UILaunchScreen_Generation = YES;
				INFOPLIST_KEY_UISupportedInterfaceOrientations_iPad = "UIInterfaceOrientationPortrait UIInterfaceOrientationPortraitUpsideDown UIInterfaceOrientationLandscapeLeft UIInterfaceOrientationLandscapeRight";
				INFOPLIST_KEY_UISupportedInterfaceOrientations_iPhone = "UIInterfaceOrientationPortrait UIInterfaceOrientationLandscapeLeft UIInterfaceOrientationLandscapeRight";
				LD_RUNPATH_SEARCH_PATHS = (
					"$(inherited)",
					"@executable_path/Frameworks",
				);
				MARKETING_VERSION = 1.0;
				PRODUCT_BUNDLE_IDENTIFIER = "org.smilesoftware.Elevator-App-SwiftUI";
				PRODUCT_NAME = "$(TARGET_NAME)";
				SWIFT_EMIT_LOC_STRINGS = YES;
				SWIFT_VERSION = 5.0;
				TARGETED_DEVICE_FAMILY = "1,2";
			};
			name = Release;
		};
		0428096E2C67C7CC00C1C592 /* Debug */ = {
			isa = XCBuildConfiguration;
			buildSettings = {
				ALWAYS_EMBED_SWIFT_STANDARD_LIBRARIES = YES;
				BUNDLE_LOADER = "$(TEST_HOST)";
				CODE_SIGN_STYLE = Automatic;
				CURRENT_PROJECT_VERSION = 1;
				GENERATE_INFOPLIST_FILE = YES;
				IPHONEOS_DEPLOYMENT_TARGET = 17.5;
				MARKETING_VERSION = 1.0;
				PRODUCT_BUNDLE_IDENTIFIER = "org.smilesoftware.Elevator-App-SwiftUITests";
				PRODUCT_NAME = "$(TARGET_NAME)";
				SWIFT_EMIT_LOC_STRINGS = NO;
				SWIFT_VERSION = 5.0;
				TARGETED_DEVICE_FAMILY = "1,2";
				TEST_HOST = "$(BUILT_PRODUCTS_DIR)/Elevator-App-SwiftUI.app/$(BUNDLE_EXECUTABLE_FOLDER_PATH)/Elevator-App-SwiftUI";
			};
			name = Debug;
		};
		0428096F2C67C7CC00C1C592 /* Release */ = {
			isa = XCBuildConfiguration;
			buildSettings = {
				ALWAYS_EMBED_SWIFT_STANDARD_LIBRARIES = YES;
				BUNDLE_LOADER = "$(TEST_HOST)";
				CODE_SIGN_STYLE = Automatic;
				CURRENT_PROJECT_VERSION = 1;
				GENERATE_INFOPLIST_FILE = YES;
				IPHONEOS_DEPLOYMENT_TARGET = 17.5;
				MARKETING_VERSION = 1.0;
				PRODUCT_BUNDLE_IDENTIFIER = "org.smilesoftware.Elevator-App-SwiftUITests";
				PRODUCT_NAME = "$(TARGET_NAME)";
				SWIFT_EMIT_LOC_STRINGS = NO;
				SWIFT_VERSION = 5.0;
				TARGETED_DEVICE_FAMILY = "1,2";
				TEST_HOST = "$(BUILT_PRODUCTS_DIR)/Elevator-App-SwiftUI.app/$(BUNDLE_EXECUTABLE_FOLDER_PATH)/Elevator-App-SwiftUI";
			};
			name = Release;
		};
		042809712C67C7CC00C1C592 /* Debug */ = {
			isa = XCBuildConfiguration;
			buildSettings = {
				ALWAYS_EMBED_SWIFT_STANDARD_LIBRARIES = YES;
				CODE_SIGN_STYLE = Automatic;
				CURRENT_PROJECT_VERSION = 1;
				GENERATE_INFOPLIST_FILE = YES;
				MARKETING_VERSION = 1.0;
				PRODUCT_BUNDLE_IDENTIFIER = "org.smilesoftware.Elevator-App-SwiftUIUITests";
				PRODUCT_NAME = "$(TARGET_NAME)";
				SWIFT_EMIT_LOC_STRINGS = NO;
				SWIFT_VERSION = 5.0;
				TARGETED_DEVICE_FAMILY = "1,2";
				TEST_TARGET_NAME = "Elevator-App-SwiftUI";
			};
			name = Debug;
		};
		042809722C67C7CC00C1C592 /* Release */ = {
			isa = XCBuildConfiguration;
			buildSettings = {
				ALWAYS_EMBED_SWIFT_STANDARD_LIBRARIES = YES;
				CODE_SIGN_STYLE = Automatic;
				CURRENT_PROJECT_VERSION = 1;
				GENERATE_INFOPLIST_FILE = YES;
				MARKETING_VERSION = 1.0;
				PRODUCT_BUNDLE_IDENTIFIER = "org.smilesoftware.Elevator-App-SwiftUIUITests";
				PRODUCT_NAME = "$(TARGET_NAME)";
				SWIFT_EMIT_LOC_STRINGS = NO;
				SWIFT_VERSION = 5.0;
				TARGETED_DEVICE_FAMILY = "1,2";
				TEST_TARGET_NAME = "Elevator-App-SwiftUI";
			};
			name = Release;
		};
/* End XCBuildConfiguration section */

/* Begin XCConfigurationList section */
		042809412C67C7C800C1C592 /* Build configuration list for PBXProject "Elevator-App-SwiftUI" */ = {
			isa = XCConfigurationList;
			buildConfigurations = (
				042809682C67C7CC00C1C592 /* Debug */,
				042809692C67C7CC00C1C592 /* Release */,
			);
			defaultConfigurationIsVisible = 0;
			defaultConfigurationName = Release;
		};
		0428096A2C67C7CC00C1C592 /* Build configuration list for PBXNativeTarget "Elevator-App-SwiftUI" */ = {
			isa = XCConfigurationList;
			buildConfigurations = (
				0428096B2C67C7CC00C1C592 /* Debug */,
				0428096C2C67C7CC00C1C592 /* Release */,
			);
			defaultConfigurationIsVisible = 0;
			defaultConfigurationName = Release;
		};
		0428096D2C67C7CC00C1C592 /* Build configuration list for PBXNativeTarget "Elevator-App-SwiftUITests" */ = {
			isa = XCConfigurationList;
			buildConfigurations = (
				0428096E2C67C7CC00C1C592 /* Debug */,
				0428096F2C67C7CC00C1C592 /* Release */,
			);
			defaultConfigurationIsVisible = 0;
			defaultConfigurationName = Release;
		};
		042809702C67C7CC00C1C592 /* Build configuration list for PBXNativeTarget "Elevator-App-SwiftUIUITests" */ = {
			isa = XCConfigurationList;
			buildConfigurations = (
				042809712C67C7CC00C1C592 /* Debug */,
				042809722C67C7CC00C1C592 /* Release */,
			);
			defaultConfigurationIsVisible = 0;
			defaultConfigurationName = Release;
		};
/* End XCConfigurationList section */
	};
	rootObject = 0428093E2C67C7C800C1C592 /* Project object */;
}
